
Microsoft Visual Studio Solution File, Format Version 12.00
# Visual Studio 15
Project("{FAE04EC0-301F-11D3-BF4B-00C04F79EFBC}") = "UnityEngine.TestRunner", "UnityEngine.TestRunner.csproj", "{7BD0295F-CDEB-FF38-C20E-DC04DA4A0460}"
EndProject
Project("{FAE04EC0-301F-11D3-BF4B-00C04F79EFBC}") = "UnityEngine.UI", "UnityEngine.UI.csproj", "{2EAF5A21-1800-63CB-558B-B41109AAA094}"
EndProject
Project("{FAE04EC0-301F-11D3-BF4B-00C04F79EFBC}") = "Unity.VisualScripting.Flow", "Unity.VisualScripting.Flow.csproj", "{EF32A6F9-4456-39E6-0C66-6AAFD058FA77}"
EndProject
Project("{FAE04EC0-301F-11D3-BF4B-00C04F79EFBC}") = "Unity.VisualScripting.State", "Unity.VisualScripting.State.csproj", "{425630AE-85D8-46A4-9853-63340A3B8F02}"
EndProject
Project("{FAE04EC0-301F-11D3-BF4B-00C04F79EFBC}") = "Unity.VisualScripting.Core", "Unity.VisualScripting.Core.csproj", "{D1C20A90-86AC-11DD-7755-C1408C922725}"
EndProject
Project("{FAE04EC0-301F-11D3-BF4B-00C04F79EFBC}") = "Unity.TextMeshPro", "Unity.TextMeshPro.csproj", "{37D850C6-819E-7F2A-376F-3BFE79B7AAB4}"
EndProject
Project("{FAE04EC0-301F-11D3-BF4B-00C04F79EFBC}") = "Unity.Timeline", "Unity.Timeline.csproj", "{A2B6E375-957A-9638-83FA-36A593A561EB}"
EndProject
Project("{FAE04EC0-301F-11D3-BF4B-00C04F79EFBC}") = "Assembly-CSharp", "Assembly-CSharp.csproj", "{43FB18CC-77E9-E697-EC1B-AF1C7BB69BD3}"
EndProject
Project("{FAE04EC0-301F-11D3-BF4B-00C04F79EFBC}") = "Unity.PlasticSCM.Editor", "Unity.PlasticSCM.Editor.csproj", "{794992E0-D7FD-CE8C-52DD-835C9D0045FB}"
EndProject
Project("{FAE04EC0-301F-11D3-BF4B-00C04F79EFBC}") = "Unity.VisualScripting.Core.Editor", "Unity.VisualScripting.Core.Editor.csproj", "{C7A40C2B-0785-B6BC-6BB9-CD6694CBCDBA}"
EndProject
Project("{FAE04EC0-301F-11D3-BF4B-00C04F79EFBC}") = "Unity.VisualScripting.Flow.Editor", "Unity.VisualScripting.Flow.Editor.csproj", "{195ACB91-DFBC-0762-47D6-61C4F6F7360E}"
EndProject
Project("{FAE04EC0-301F-11D3-BF4B-00C04F79EFBC}") = "Unity.VisualStudio.Editor", "Unity.VisualStudio.Editor.csproj", "{8114C61A-616A-A89E-968A-64E517C22513}"
EndProject
Project("{FAE04EC0-301F-11D3-BF4B-00C04F79EFBC}") = "Unity.Timeline.Editor", "Unity.Timeline.Editor.csproj", "{F50C72C4-895E-50A2-5ECC-92108AB5DF6E}"
EndProject
Project("{FAE04EC0-301F-11D3-BF4B-00C04F79EFBC}") = "Unity.VisualScripting.State.Editor", "Unity.VisualScripting.State.Editor.csproj", "{C317CD98-E794-8144-7A6A-A809989400CC}"
EndProject
Project("{FAE04EC0-301F-11D3-BF4B-00C04F79EFBC}") = "Unity.TextMeshPro.Editor", "Unity.TextMeshPro.Editor.csproj", "{4E10E2B6-A20B-3E64-63CB-75AFE823FD6F}"
EndProject
Project("{FAE04EC0-301F-11D3-BF4B-00C04F79EFBC}") = "Unity.VisualScripting.SettingsProvider.Editor", "Unity.VisualScripting.SettingsProvider.Editor.csproj", "{9975CE2F-3C1E-20EA-1F25-8217C549C73A}"
EndProject
Project("{FAE04EC0-301F-11D3-BF4B-00C04F79EFBC}") = "Unity.CollabProxy.Editor", "Unity.CollabProxy.Editor.csproj", "{4AAFC525-9A28-799B-6D84-DD3725145C94}"
EndProject
Project("{FAE04EC0-301F-11D3-BF4B-00C04F79EFBC}") = "UnityEditor.TestRunner", "UnityEditor.TestRunner.csproj", "{3044B03C-D343-968D-DEF9-E3E6575FF4DD}"
EndProject
Project("{FAE04EC0-301F-11D3-BF4B-00C04F79EFBC}") = "Unity.TestTools.CodeCoverage.Editor", "Unity.TestTools.CodeCoverage.Editor.csproj", "{B669CBAA-038B-5F91-54D4-A88B2EE0755A}"
EndProject
Project("{FAE04EC0-301F-11D3-BF4B-00C04F79EFBC}") = "Unity.Rider.Editor", "Unity.Rider.Editor.csproj", "{F3DD704F-07CD-8EDF-F8D2-45E9E99C8075}"
EndProject
Project("{FAE04EC0-301F-11D3-BF4B-00C04F79EFBC}") = "Unity.Services.Core.Editor", "Unity.Services.Core.Editor.csproj", "{CA086088-91B8-4097-285B-6CE441F3A430}"
EndProject
Project("{FAE04EC0-301F-11D3-BF4B-00C04F79EFBC}") = "Unity.Performance.Profile-Analyzer.Editor", "Unity.Performance.Profile-Analyzer.Editor.csproj", "{48F24625-E4AE-4C88-68BD-508929BC2172}"
EndProject
Project("{FAE04EC0-301F-11D3-BF4B-00C04F79EFBC}") = "Unity.VSCode.Editor", "Unity.VSCode.Editor.csproj", "{026BDFC8-0B79-F75A-C061-B5DA8AC42BC6}"
EndProject
Project("{FAE04EC0-301F-11D3-BF4B-00C04F79EFBC}") = "UnityEditor.UI", "UnityEditor.UI.csproj", "{7777C683-2C6F-5998-9856-BE440BE7FDC7}"
EndProject
Project("{FAE04EC0-301F-11D3-BF4B-00C04F79EFBC}") = "Unity.TestTools.CodeCoverage.Editor.OpenCover.Model", "Unity.TestTools.CodeCoverage.Editor.OpenCover.Model.csproj", "{10C54790-1692-7C2B-EFB7-399B9331AC06}"
EndProject
Project("{FAE04EC0-301F-11D3-BF4B-00C04F79EFBC}") = "Unity.EditorCoroutines.Editor", "Unity.EditorCoroutines.Editor.csproj", "{5EBB3622-BF0A-8782-B77E-30FFE374CBF0}"
EndProject
Project("{FAE04EC0-301F-11D3-BF4B-00C04F79EFBC}") = "Unity.Settings.Editor", "Unity.Settings.Editor.csproj", "{D3889361-009E-5985-D28F-1CEE249DBF82}"
EndProject
Project("{FAE04EC0-301F-11D3-BF4B-00C04F79EFBC}") = "Unity.TestTools.CodeCoverage.Editor.OpenCover.Mono.Reflection", "Unity.TestTools.CodeCoverage.Editor.OpenCover.Mono.Reflection.csproj", "{C7F1B3DC-D567-8B43-383F-C8829A32C1E0}"
EndProject
Project("{FAE04EC0-301F-11D3-BF4B-00C04F79EFBC}") = "Unity.VisualScripting.Shared.Editor", "Unity.VisualScripting.Shared.Editor.csproj", "{25FD098D-9553-F07E-0CA1-A257E5CF6C52}"
EndProject
Project("{FAE04EC0-301F-11D3-BF4B-00C04F79EFBC}") = "UnityEngine.TestRunner", "UnityEngine.TestRunner.Player.csproj", "{AC51A7AF-9785-B2E8-2160-85D87222E27F}"
EndProject
Project("{FAE04EC0-301F-11D3-BF4B-00C04F79EFBC}") = "UnityEngine.UI", "UnityEngine.UI.Player.csproj", "{EA70BBE9-8AC6-5679-E2B7-B4986A294246}"
EndProject
Project("{FAE04EC0-301F-11D3-BF4B-00C04F79EFBC}") = "Unity.VisualScripting.Flow", "Unity.VisualScripting.Flow.Player.csproj", "{2180D1E8-02D8-AFDA-5A9B-C1D17DDBDA4B}"
EndProject
Project("{FAE04EC0-301F-11D3-BF4B-00C04F79EFBC}") = "Unity.VisualScripting.State", "Unity.VisualScripting.State.Player.csproj", "{0A3F45BB-82F6-B65D-1A9D-501381DC2E3C}"
EndProject
Project("{FAE04EC0-301F-11D3-BF4B-00C04F79EFBC}") = "Unity.VisualScripting.Core", "Unity.VisualScripting.Core.Player.csproj", "{25C56A3A-2361-425A-7DA7-8AFF4FAB542E}"
EndProject
Project("{FAE04EC0-301F-11D3-BF4B-00C04F79EFBC}") = "Unity.TextMeshPro", "Unity.TextMeshPro.Player.csproj", "{6D0DF2E6-267F-A998-C489-2C5DA84024F6}"
EndProject
Project("{FAE04EC0-301F-11D3-BF4B-00C04F79EFBC}") = "Unity.Timeline", "Unity.Timeline.Player.csproj", "{60E87739-56E7-2527-0E75-C1F2545E739C}"
EndProject
Project("{FAE04EC0-301F-11D3-BF4B-00C04F79EFBC}") = "Assembly-CSharp", "Assembly-CSharp.Player.csproj", "{96049275-A073-98E0-B56E-831A34E742FA}"
EndProject
Global
	GlobalSection(SolutionConfigurationPlatforms) = preSolution
		Debug|Any CPU = Debug|Any CPU
		Release|Any CPU = Release|Any CPU
	EndGlobalSection
	GlobalSection(ProjectConfigurationPlatforms) = postSolution
		{7BD0295F-CDEB-FF38-C20E-DC04DA4A0460}.Debug|Any CPU.ActiveCfg = Debug|Any CPU
		{7BD0295F-CDEB-FF38-C20E-DC04DA4A0460}.Debug|Any CPU.Build.0 = Debug|Any CPU
		{7BD0295F-CDEB-FF38-C20E-DC04DA4A0460}.Release|Any CPU.ActiveCfg = Release|Any CPU
		{7BD0295F-CDEB-FF38-C20E-DC04DA4A0460}.Release|Any CPU.Build.0 = Release|Any CPU
		{2EAF5A21-1800-63CB-558B-B41109AAA094}.Debug|Any CPU.ActiveCfg = Debug|Any CPU
		{2EAF5A21-1800-63CB-558B-B41109AAA094}.Debug|Any CPU.Build.0 = Debug|Any CPU
		{2EAF5A21-1800-63CB-558B-B41109AAA094}.Release|Any CPU.ActiveCfg = Release|Any CPU
		{2EAF5A21-1800-63CB-558B-B41109AAA094}.Release|Any CPU.Build.0 = Release|Any CPU
		{EF32A6F9-4456-39E6-0C66-6AAFD058FA77}.Debug|Any CPU.ActiveCfg = Debug|Any CPU
		{EF32A6F9-4456-39E6-0C66-6AAFD058FA77}.Debug|Any CPU.Build.0 = Debug|Any CPU
		{EF32A6F9-4456-39E6-0C66-6AAFD058FA77}.Release|Any CPU.ActiveCfg = Release|Any CPU
		{EF32A6F9-4456-39E6-0C66-6AAFD058FA77}.Release|Any CPU.Build.0 = Release|Any CPU
		{425630AE-85D8-46A4-9853-63340A3B8F02}.Debug|Any CPU.ActiveCfg = Debug|Any CPU
		{425630AE-85D8-46A4-9853-63340A3B8F02}.Debug|Any CPU.Build.0 = Debug|Any CPU
		{425630AE-85D8-46A4-9853-63340A3B8F02}.Release|Any CPU.ActiveCfg = Release|Any CPU
		{425630AE-85D8-46A4-9853-63340A3B8F02}.Release|Any CPU.Build.0 = Release|Any CPU
		{D1C20A90-86AC-11DD-7755-C1408C922725}.Debug|Any CPU.ActiveCfg = Debug|Any CPU
		{D1C20A90-86AC-11DD-7755-C1408C922725}.Debug|Any CPU.Build.0 = Debug|Any CPU
		{D1C20A90-86AC-11DD-7755-C1408C922725}.Release|Any CPU.ActiveCfg = Release|Any CPU
		{D1C20A90-86AC-11DD-7755-C1408C922725}.Release|Any CPU.Build.0 = Release|Any CPU
		{37D850C6-819E-7F2A-376F-3BFE79B7AAB4}.Debug|Any CPU.ActiveCfg = Debug|Any CPU
		{37D850C6-819E-7F2A-376F-3BFE79B7AAB4}.Debug|Any CPU.Build.0 = Debug|Any CPU
		{37D850C6-819E-7F2A-376F-3BFE79B7AAB4}.Release|Any CPU.ActiveCfg = Release|Any CPU
		{37D850C6-819E-7F2A-376F-3BFE79B7AAB4}.Release|Any CPU.Build.0 = Release|Any CPU
		{A2B6E375-957A-9638-83FA-36A593A561EB}.Debug|Any CPU.ActiveCfg = Debug|Any CPU
		{A2B6E375-957A-9638-83FA-36A593A561EB}.Debug|Any CPU.Build.0 = Debug|Any CPU
		{A2B6E375-957A-9638-83FA-36A593A561EB}.Release|Any CPU.ActiveCfg = Release|Any CPU
		{A2B6E375-957A-9638-83FA-36A593A561EB}.Release|Any CPU.Build.0 = Release|Any CPU
		{43FB18CC-77E9-E697-EC1B-AF1C7BB69BD3}.Debug|Any CPU.ActiveCfg = Debug|Any CPU
		{43FB18CC-77E9-E697-EC1B-AF1C7BB69BD3}.Debug|Any CPU.Build.0 = Debug|Any CPU
		{43FB18CC-77E9-E697-EC1B-AF1C7BB69BD3}.Release|Any CPU.ActiveCfg = Release|Any CPU
		{43FB18CC-77E9-E697-EC1B-AF1C7BB69BD3}.Release|Any CPU.Build.0 = Release|Any CPU
		{794992E0-D7FD-CE8C-52DD-835C9D0045FB}.Debug|Any CPU.ActiveCfg = Debug|Any CPU
		{794992E0-D7FD-CE8C-52DD-835C9D0045FB}.Debug|Any CPU.Build.0 = Debug|Any CPU
		{794992E0-D7FD-CE8C-52DD-835C9D0045FB}.Release|Any CPU.ActiveCfg = Release|Any CPU
		{794992E0-D7FD-CE8C-52DD-835C9D0045FB}.Release|Any CPU.Build.0 = Release|Any CPU
		{C7A40C2B-0785-B6BC-6BB9-CD6694CBCDBA}.Debug|Any CPU.ActiveCfg = Debug|Any CPU
		{C7A40C2B-0785-B6BC-6BB9-CD6694CBCDBA}.Debug|Any CPU.Build.0 = Debug|Any CPU
		{C7A40C2B-0785-B6BC-6BB9-CD6694CBCDBA}.Release|Any CPU.ActiveCfg = Release|Any CPU
		{C7A40C2B-0785-B6BC-6BB9-CD6694CBCDBA}.Release|Any CPU.Build.0 = Release|Any CPU
		{195ACB91-DFBC-0762-47D6-61C4F6F7360E}.Debug|Any CPU.ActiveCfg = Debug|Any CPU
		{195ACB91-DFBC-0762-47D6-61C4F6F7360E}.Debug|Any CPU.Build.0 = Debug|Any CPU
		{195ACB91-DFBC-0762-47D6-61C4F6F7360E}.Release|Any CPU.ActiveCfg = Release|Any CPU
		{195ACB91-DFBC-0762-47D6-61C4F6F7360E}.Release|Any CPU.Build.0 = Release|Any CPU
		{8114C61A-616A-A89E-968A-64E517C22513}.Debug|Any CPU.ActiveCfg = Debug|Any CPU
		{8114C61A-616A-A89E-968A-64E517C22513}.Debug|Any CPU.Build.0 = Debug|Any CPU
		{8114C61A-616A-A89E-968A-64E517C22513}.Release|Any CPU.ActiveCfg = Release|Any CPU
		{8114C61A-616A-A89E-968A-64E517C22513}.Release|Any CPU.Build.0 = Release|Any CPU
		{F50C72C4-895E-50A2-5ECC-92108AB5DF6E}.Debug|Any CPU.ActiveCfg = Debug|Any CPU
		{F50C72C4-895E-50A2-5ECC-92108AB5DF6E}.Debug|Any CPU.Build.0 = Debug|Any CPU
		{F50C72C4-895E-50A2-5ECC-92108AB5DF6E}.Release|Any CPU.ActiveCfg = Release|Any CPU
		{F50C72C4-895E-50A2-5ECC-92108AB5DF6E}.Release|Any CPU.Build.0 = Release|Any CPU
		{C317CD98-E794-8144-7A6A-A809989400CC}.Debug|Any CPU.ActiveCfg = Debug|Any CPU
		{C317CD98-E794-8144-7A6A-A809989400CC}.Debug|Any CPU.Build.0 = Debug|Any CPU
		{C317CD98-E794-8144-7A6A-A809989400CC}.Release|Any CPU.ActiveCfg = Release|Any CPU
		{C317CD98-E794-8144-7A6A-A809989400CC}.Release|Any CPU.Build.0 = Release|Any CPU
		{4E10E2B6-A20B-3E64-63CB-75AFE823FD6F}.Debug|Any CPU.ActiveCfg = Debug|Any CPU
		{4E10E2B6-A20B-3E64-63CB-75AFE823FD6F}.Debug|Any CPU.Build.0 = Debug|Any CPU
		{4E10E2B6-A20B-3E64-63CB-75AFE823FD6F}.Release|Any CPU.ActiveCfg = Release|Any CPU
		{4E10E2B6-A20B-3E64-63CB-75AFE823FD6F}.Release|Any CPU.Build.0 = Release|Any CPU
		{9975CE2F-3C1E-20EA-1F25-8217C549C73A}.Debug|Any CPU.ActiveCfg = Debug|Any CPU
		{9975CE2F-3C1E-20EA-1F25-8217C549C73A}.Debug|Any CPU.Build.0 = Debug|Any CPU
		{9975CE2F-3C1E-20EA-1F25-8217C549C73A}.Release|Any CPU.ActiveCfg = Release|Any CPU
		{9975CE2F-3C1E-20EA-1F25-8217C549C73A}.Release|Any CPU.Build.0 = Release|Any CPU
		{4AAFC525-9A28-799B-6D84-DD3725145C94}.Debug|Any CPU.ActiveCfg = Debug|Any CPU
		{4AAFC525-9A28-799B-6D84-DD3725145C94}.Debug|Any CPU.Build.0 = Debug|Any CPU
		{4AAFC525-9A28-799B-6D84-DD3725145C94}.Release|Any CPU.ActiveCfg = Release|Any CPU
		{4AAFC525-9A28-799B-6D84-DD3725145C94}.Release|Any CPU.Build.0 = Release|Any CPU
		{3044B03C-D343-968D-DEF9-E3E6575FF4DD}.Debug|Any CPU.ActiveCfg = Debug|Any CPU
		{3044B03C-D343-968D-DEF9-E3E6575FF4DD}.Debug|Any CPU.Build.0 = Debug|Any CPU
		{3044B03C-D343-968D-DEF9-E3E6575FF4DD}.Release|Any CPU.ActiveCfg = Release|Any CPU
		{3044B03C-D343-968D-DEF9-E3E6575FF4DD}.Release|Any CPU.Build.0 = Release|Any CPU
		{B669CBAA-038B-5F91-54D4-A88B2EE0755A}.Debug|Any CPU.ActiveCfg = Debug|Any CPU
		{B669CBAA-038B-5F91-54D4-A88B2EE0755A}.Debug|Any CPU.Build.0 = Debug|Any CPU
		{B669CBAA-038B-5F91-54D4-A88B2EE0755A}.Release|Any CPU.ActiveCfg = Release|Any CPU
		{B669CBAA-038B-5F91-54D4-A88B2EE0755A}.Release|Any CPU.Build.0 = Release|Any CPU
		{F3DD704F-07CD-8EDF-F8D2-45E9E99C8075}.Debug|Any CPU.ActiveCfg = Debug|Any CPU
		{F3DD704F-07CD-8EDF-F8D2-45E9E99C8075}.Debug|Any CPU.Build.0 = Debug|Any CPU
		{F3DD704F-07CD-8EDF-F8D2-45E9E99C8075}.Release|Any CPU.ActiveCfg = Release|Any CPU
		{F3DD704F-07CD-8EDF-F8D2-45E9E99C8075}.Release|Any CPU.Build.0 = Release|Any CPU
		{CA086088-91B8-4097-285B-6CE441F3A430}.Debug|Any CPU.ActiveCfg = Debug|Any CPU
		{CA086088-91B8-4097-285B-6CE441F3A430}.Debug|Any CPU.Build.0 = Debug|Any CPU
		{CA086088-91B8-4097-285B-6CE441F3A430}.Release|Any CPU.ActiveCfg = Release|Any CPU
		{CA086088-91B8-4097-285B-6CE441F3A430}.Release|Any CPU.Build.0 = Release|Any CPU
		{48F24625-E4AE-4C88-68BD-508929BC2172}.Debug|Any CPU.ActiveCfg = Debug|Any CPU
		{48F24625-E4AE-4C88-68BD-508929BC2172}.Debug|Any CPU.Build.0 = Debug|Any CPU
		{48F24625-E4AE-4C88-68BD-508929BC2172}.Release|Any CPU.ActiveCfg = Release|Any CPU
		{48F24625-E4AE-4C88-68BD-508929BC2172}.Release|Any CPU.Build.0 = Release|Any CPU
		{026BDFC8-0B79-F75A-C061-B5DA8AC42BC6}.Debug|Any CPU.ActiveCfg = Debug|Any CPU
		{026BDFC8-0B79-F75A-C061-B5DA8AC42BC6}.Debug|Any CPU.Build.0 = Debug|Any CPU
		{026BDFC8-0B79-F75A-C061-B5DA8AC42BC6}.Release|Any CPU.ActiveCfg = Release|Any CPU
		{026BDFC8-0B79-F75A-C061-B5DA8AC42BC6}.Release|Any CPU.Build.0 = Release|Any CPU
		{7777C683-2C6F-5998-9856-BE440BE7FDC7}.Debug|Any CPU.ActiveCfg = Debug|Any CPU
		{7777C683-2C6F-5998-9856-BE440BE7FDC7}.Debug|Any CPU.Build.0 = Debug|Any CPU
		{7777C683-2C6F-5998-9856-BE440BE7FDC7}.Release|Any CPU.ActiveCfg = Release|Any CPU
		{7777C683-2C6F-5998-9856-BE440BE7FDC7}.Release|Any CPU.Build.0 = Release|Any CPU
		{10C54790-1692-7C2B-EFB7-399B9331AC06}.Debug|Any CPU.ActiveCfg = Debug|Any CPU
		{10C54790-1692-7C2B-EFB7-399B9331AC06}.Debug|Any CPU.Build.0 = Debug|Any CPU
		{10C54790-1692-7C2B-EFB7-399B9331AC06}.Release|Any CPU.ActiveCfg = Release|Any CPU
		{10C54790-1692-7C2B-EFB7-399B9331AC06}.Release|Any CPU.Build.0 = Release|Any CPU
		{5EBB3622-BF0A-8782-B77E-30FFE374CBF0}.Debug|Any CPU.ActiveCfg = Debug|Any CPU
		{5EBB3622-BF0A-8782-B77E-30FFE374CBF0}.Debug|Any CPU.Build.0 = Debug|Any CPU
		{5EBB3622-BF0A-8782-B77E-30FFE374CBF0}.Release|Any CPU.ActiveCfg = Release|Any CPU
		{5EBB3622-BF0A-8782-B77E-30FFE374CBF0}.Release|Any CPU.Build.0 = Release|Any CPU
		{D3889361-009E-5985-D28F-1CEE249DBF82}.Debug|Any CPU.ActiveCfg = Debug|Any CPU
		{D3889361-009E-5985-D28F-1CEE249DBF82}.Debug|Any CPU.Build.0 = Debug|Any CPU
		{D3889361-009E-5985-D28F-1CEE249DBF82}.Release|Any CPU.ActiveCfg = Release|Any CPU
		{D3889361-009E-5985-D28F-1CEE249DBF82}.Release|Any CPU.Build.0 = Release|Any CPU
		{C7F1B3DC-D567-8B43-383F-C8829A32C1E0}.Debug|Any CPU.ActiveCfg = Debug|Any CPU
		{C7F1B3DC-D567-8B43-383F-C8829A32C1E0}.Debug|Any CPU.Build.0 = Debug|Any CPU
		{C7F1B3DC-D567-8B43-383F-C8829A32C1E0}.Release|Any CPU.ActiveCfg = Release|Any CPU
		{C7F1B3DC-D567-8B43-383F-C8829A32C1E0}.Release|Any CPU.Build.0 = Release|Any CPU
		{25FD098D-9553-F07E-0CA1-A257E5CF6C52}.Debug|Any CPU.ActiveCfg = Debug|Any CPU
		{25FD098D-9553-F07E-0CA1-A257E5CF6C52}.Debug|Any CPU.Build.0 = Debug|Any CPU
		{25FD098D-9553-F07E-0CA1-A257E5CF6C52}.Release|Any CPU.ActiveCfg = Release|Any CPU
		{25FD098D-9553-F07E-0CA1-A257E5CF6C52}.Release|Any CPU.Build.0 = Release|Any CPU
		{AC51A7AF-9785-B2E8-2160-85D87222E27F}.Debug|Any CPU.ActiveCfg = Debug|Any CPU
		{AC51A7AF-9785-B2E8-2160-85D87222E27F}.Debug|Any CPU.Build.0 = Debug|Any CPU
		{AC51A7AF-9785-B2E8-2160-85D87222E27F}.Release|Any CPU.ActiveCfg = Release|Any CPU
		{AC51A7AF-9785-B2E8-2160-85D87222E27F}.Release|Any CPU.Build.0 = Release|Any CPU
		{EA70BBE9-8AC6-5679-E2B7-B4986A294246}.Debug|Any CPU.ActiveCfg = Debug|Any CPU
		{EA70BBE9-8AC6-5679-E2B7-B4986A294246}.Debug|Any CPU.Build.0 = Debug|Any CPU
		{EA70BBE9-8AC6-5679-E2B7-B4986A294246}.Release|Any CPU.ActiveCfg = Release|Any CPU
		{EA70BBE9-8AC6-5679-E2B7-B4986A294246}.Release|Any CPU.Build.0 = Release|Any CPU
		{2180D1E8-02D8-AFDA-5A9B-C1D17DDBDA4B}.Debug|Any CPU.ActiveCfg = Debug|Any CPU
		{2180D1E8-02D8-AFDA-5A9B-C1D17DDBDA4B}.Debug|Any CPU.Build.0 = Debug|Any CPU
		{2180D1E8-02D8-AFDA-5A9B-C1D17DDBDA4B}.Release|Any CPU.ActiveCfg = Release|Any CPU
		{2180D1E8-02D8-AFDA-5A9B-C1D17DDBDA4B}.Release|Any CPU.Build.0 = Release|Any CPU
		{0A3F45BB-82F6-B65D-1A9D-501381DC2E3C}.Debug|Any CPU.ActiveCfg = Debug|Any CPU
		{0A3F45BB-82F6-B65D-1A9D-501381DC2E3C}.Debug|Any CPU.Build.0 = Debug|Any CPU
		{0A3F45BB-82F6-B65D-1A9D-501381DC2E3C}.Release|Any CPU.ActiveCfg = Release|Any CPU
		{0A3F45BB-82F6-B65D-1A9D-501381DC2E3C}.Release|Any CPU.Build.0 = Release|Any CPU
		{25C56A3A-2361-425A-7DA7-8AFF4FAB542E}.Debug|Any CPU.ActiveCfg = Debug|Any CPU
		{25C56A3A-2361-425A-7DA7-8AFF4FAB542E}.Debug|Any CPU.Build.0 = Debug|Any CPU
		{25C56A3A-2361-425A-7DA7-8AFF4FAB542E}.Release|Any CPU.ActiveCfg = Release|Any CPU
		{25C56A3A-2361-425A-7DA7-8AFF4FAB542E}.Release|Any CPU.Build.0 = Release|Any CPU
		{6D0DF2E6-267F-A998-C489-2C5DA84024F6}.Debug|Any CPU.ActiveCfg = Debug|Any CPU
		{6D0DF2E6-267F-A998-C489-2C5DA84024F6}.Debug|Any CPU.Build.0 = Debug|Any CPU
		{6D0DF2E6-267F-A998-C489-2C5DA84024F6}.Release|Any CPU.ActiveCfg = Release|Any CPU
		{6D0DF2E6-267F-A998-C489-2C5DA84024F6}.Release|Any CPU.Build.0 = Release|Any CPU
		{60E87739-56E7-2527-0E75-C1F2545E739C}.Debug|Any CPU.ActiveCfg = Debug|Any CPU
		{60E87739-56E7-2527-0E75-C1F2545E739C}.Debug|Any CPU.Build.0 = Debug|Any CPU
		{60E87739-56E7-2527-0E75-C1F2545E739C}.Release|Any CPU.ActiveCfg = Release|Any CPU
		{60E87739-56E7-2527-0E75-C1F2545E739C}.Release|Any CPU.Build.0 = Release|Any CPU
		{96049275-A073-98E0-B56E-831A34E742FA}.Debug|Any CPU.ActiveCfg = Debug|Any CPU
		{96049275-A073-98E0-B56E-831A34E742FA}.Debug|Any CPU.Build.0 = Debug|Any CPU
		{96049275-A073-98E0-B56E-831A34E742FA}.Release|Any CPU.ActiveCfg = Release|Any CPU
		{96049275-A073-98E0-B56E-831A34E742FA}.Release|Any CPU.Build.0 = Release|Any CPU
	EndGlobalSection
	GlobalSection(SolutionProperties) = preSolution
		HideSolutionNode = FALSE
	EndGlobalSection
EndGlobal
